# THIS IS AN AUTOGENERATED FILE. DO NOT EDIT THIS FILE DIRECTLY.
# yarn lockfile v1


"@types/prettier@latest":
  version "2.4.2"
  resolved "https://registry.npmjs.org/@types/prettier/-/prettier-2.4.2.tgz#4c62fae93eb479660c3bd93f9d24d561597a8281"
  integrity sha512-ekoj4qOQYp7CvjX8ZDBgN86w3MqQhLE1hczEJbEIjgFEumDy+na/4AJAbLXfgEWFNB2pKadM5rPFtuSGMWK7xA==
